
Microsoft Visual Studio Solution File, Format Version 12.00
# Visual Studio Version 16
VisualStudioVersion = 16.0.29709.97
MinimumVisualStudioVersion = 15.0.26124.0
Project("{9A19103F-16F7-4668-BE54-9A1E7A4F7556}") = "Fonetrak.IDP", "Fonetrak.IDP\Fonetrak.IDP.csproj", "{59C8B9A7-783B-42C7-B7B0-6C01212CBF75}"
EndProject
Project("{9A19103F-16F7-4668-BE54-9A1E7A4F7556}") = "Fonetrak.IDP.Data", "Fonetrak.IDP.Data\Fonetrak.IDP.Data.csproj", "{7D328150-375A-4C9F-A14F-9CBE4D968B52}"
EndProject
Project("{9A19103F-16F7-4668-BE54-9A1E7A4F7556}") = "Fonetrak.UserManagement.API", "Fonetrak.UserManagement.API\Fonetrak.UserManagement.API.csproj", "{5865468A-B66D-4CD9-BB11-5C9E85891551}"
EndProject
Project("{2150E333-8FDC-42A3-9474-1A3956D46DE8}") = "IDP", "IDP", "{D55987BA-B5C6-46BF-A9CF-20FEDDF8AE7D}"
EndProject
Global
	GlobalSection(SolutionConfigurationPlatforms) = preSolution
		Debug|Any CPU = Debug|Any CPU
		Debug|x64 = Debug|x64
		Debug|x86 = Debug|x86
		Release|Any CPU = Release|Any CPU
		Release|x64 = Release|x64
		Release|x86 = Release|x86
	EndGlobalSection
	GlobalSection(ProjectConfigurationPlatforms) = postSolution
		{59C8B9A7-783B-42C7-B7B0-6C01212CBF75}.Debug|Any CPU.ActiveCfg = Debug|Any CPU
		{59C8B9A7-783B-42C7-B7B0-6C01212CBF75}.Debug|Any CPU.Build.0 = Debug|Any CPU
		{59C8B9A7-783B-42C7-B7B0-6C01212CBF75}.Debug|x64.ActiveCfg = Debug|Any CPU
		{59C8B9A7-783B-42C7-B7B0-6C01212CBF75}.Debug|x64.Build.0 = Debug|Any CPU
		{59C8B9A7-783B-42C7-B7B0-6C01212CBF75}.Debug|x86.ActiveCfg = Debug|Any CPU
		{59C8B9A7-783B-42C7-B7B0-6C01212CBF75}.Debug|x86.Build.0 = Debug|Any CPU
		{59C8B9A7-783B-42C7-B7B0-6C01212CBF75}.Release|Any CPU.ActiveCfg = Release|Any CPU
		{59C8B9A7-783B-42C7-B7B0-6C01212CBF75}.Release|Any CPU.Build.0 = Release|Any CPU
		{59C8B9A7-783B-42C7-B7B0-6C01212CBF75}.Release|x64.ActiveCfg = Release|Any CPU
		{59C8B9A7-783B-42C7-B7B0-6C01212CBF75}.Release|x64.Build.0 = Release|Any CPU
		{59C8B9A7-783B-42C7-B7B0-6C01212CBF75}.Release|x86.ActiveCfg = Release|Any CPU
		{59C8B9A7-783B-42C7-B7B0-6C01212CBF75}.Release|x86.Build.0 = Release|Any CPU
		{7D328150-375A-4C9F-A14F-9CBE4D968B52}.Debug|Any CPU.ActiveCfg = Debug|Any CPU
		{7D328150-375A-4C9F-A14F-9CBE4D968B52}.Debug|Any CPU.Build.0 = Debug|Any CPU
		{7D328150-375A-4C9F-A14F-9CBE4D968B52}.Debug|x64.ActiveCfg = Debug|Any CPU
		{7D328150-375A-4C9F-A14F-9CBE4D968B52}.Debug|x64.Build.0 = Debug|Any CPU
		{7D328150-375A-4C9F-A14F-9CBE4D968B52}.Debug|x86.ActiveCfg = Debug|Any CPU
		{7D328150-375A-4C9F-A14F-9CBE4D968B52}.Debug|x86.Build.0 = Debug|Any CPU
		{7D328150-375A-4C9F-A14F-9CBE4D968B52}.Release|Any CPU.ActiveCfg = Release|Any CPU
		{7D328150-375A-4C9F-A14F-9CBE4D968B52}.Release|Any CPU.Build.0 = Release|Any CPU
		{7D328150-375A-4C9F-A14F-9CBE4D968B52}.Release|x64.ActiveCfg = Release|Any CPU
		{7D328150-375A-4C9F-A14F-9CBE4D968B52}.Release|x64.Build.0 = Release|Any CPU
		{7D328150-375A-4C9F-A14F-9CBE4D968B52}.Release|x86.ActiveCfg = Release|Any CPU
		{7D328150-375A-4C9F-A14F-9CBE4D968B52}.Release|x86.Build.0 = Release|Any CPU
		{5865468A-B66D-4CD9-BB11-5C9E85891551}.Debug|Any CPU.ActiveCfg = Debug|Any CPU
		{5865468A-B66D-4CD9-BB11-5C9E85891551}.Debug|Any CPU.Build.0 = Debug|Any CPU
		{5865468A-B66D-4CD9-BB11-5C9E85891551}.Debug|x64.ActiveCfg = Debug|Any CPU
		{5865468A-B66D-4CD9-BB11-5C9E85891551}.Debug|x64.Build.0 = Debug|Any CPU
		{5865468A-B66D-4CD9-BB11-5C9E85891551}.Debug|x86.ActiveCfg = Debug|Any CPU
		{5865468A-B66D-4CD9-BB11-5C9E85891551}.Debug|x86.Build.0 = Debug|Any CPU
		{5865468A-B66D-4CD9-BB11-5C9E85891551}.Release|Any CPU.ActiveCfg = Release|Any CPU
		{5865468A-B66D-4CD9-BB11-5C9E85891551}.Release|Any CPU.Build.0 = Release|Any CPU
		{5865468A-B66D-4CD9-BB11-5C9E85891551}.Release|x64.ActiveCfg = Release|Any CPU
		{5865468A-B66D-4CD9-BB11-5C9E85891551}.Release|x64.Build.0 = Release|Any CPU
		{5865468A-B66D-4CD9-BB11-5C9E85891551}.Release|x86.ActiveCfg = Release|Any CPU
		{5865468A-B66D-4CD9-BB11-5C9E85891551}.Release|x86.Build.0 = Release|Any CPU
	EndGlobalSection
	GlobalSection(SolutionProperties) = preSolution
		HideSolutionNode = FALSE
	EndGlobalSection
	GlobalSection(NestedProjects) = preSolution
		{59C8B9A7-783B-42C7-B7B0-6C01212CBF75} = {D55987BA-B5C6-46BF-A9CF-20FEDDF8AE7D}
		{5865468A-B66D-4CD9-BB11-5C9E85891551} = {D55987BA-B5C6-46BF-A9CF-20FEDDF8AE7D}
	EndGlobalSection
	GlobalSection(ExtensibilityGlobals) = postSolution
		SolutionGuid = {FDE20725-DFB1-4EE8-AE44-D60A10ABE073}
	EndGlobalSection
EndGlobal
