
Microsoft Visual Studio Solution File, Format Version 12.00
# Visual Studio 14
VisualStudioVersion = 14.0.25420.1
MinimumVisualStudioVersion = 10.0.40219.1
Project("{FAE04EC0-301F-11D3-BF4B-00C04F79EFBC}") = "Common", "Common\Common.csproj", "{878B3E95-239D-4506-B297-E3945A7AAFCD}"
EndProject
Global
	GlobalSection(SolutionConfigurationPlatforms) = preSolution
		Debug|Any CPU = Debug|Any CPU
		Release|Any CPU = Release|Any CPU
	EndGlobalSection
	GlobalSection(ProjectConfigurationPlatforms) = postSolution
		{878B3E95-239D-4506-B297-E3945A7AAFCD}.Debug|Any CPU.ActiveCfg = Debug|Any CPU
		{878B3E95-239D-4506-B297-E3945A7AAFCD}.Debug|Any CPU.Build.0 = Debug|Any CPU
		{878B3E95-239D-4506-B297-E3945A7AAFCD}.Release|Any CPU.ActiveCfg = Release|Any CPU
		{878B3E95-239D-4506-B297-E3945A7AAFCD}.Release|Any CPU.Build.0 = Release|Any CPU
	EndGlobalSection
	GlobalSection(SolutionProperties) = preSolution
		HideSolutionNode = FALSE
	EndGlobalSection
EndGlobal
